{
    "requires": true,
    "lockfileVersion": 1,
    "dependencies": {
        "@types/validator": {
            "version": "13.7.12",
            "resolved": "https://registry.npmjs.org/@types/validator/-/validator-13.7.12.tgz",
            "integrity": "sha512-YVtyAPqpefU+Mm/qqnOANW6IkqKpCSrarcyV269C8MA8Ux0dbkEuQwM/4CjL47kVEM2LgBef/ETfkH+c6+moFA==",
            "dev": true
        }
    }
}
